// !$*UTF8*$!
{
	archiveVersion = 1;
	classes = {
	};
	objectVersion = 77;
	objects = {

/* Begin PBXBuildFile section */
		33A785F876DAF94749B62CDA /* Pods_SwiftArquiteturas.framework in Frameworks */ = {isa = PBXBuildFile; fileRef = 9BC7056D72A4862D3732856B /* Pods_SwiftArquiteturas.framework */; };
/* End PBXBuildFile section */

/* Begin PBXContainerItemProxy section */
		D01C901B2DE671E7005D6740 /* PBXContainerItemProxy */ = {
			isa = PBXContainerItemProxy;
			containerPortal = D05B758E2DE546C500E0A7CD /* Project object */;
			proxyType = 1;
			remoteGlobalIDString = D05B75952DE546C500E0A7CD;
			remoteInfo = SwiftArquiteturas;
		};
/* End PBXContainerItemProxy section */

/* Begin PBXFileReference section */
		098773E5A3426A8996799B20 /* Pods-SwiftArquiteturas.release.xcconfig */ = {isa = PBXFileReference; includeInIndex = 1; lastKnownFileType = text.xcconfig; name = "Pods-SwiftArquiteturas.release.xcconfig"; path = "Target Support Files/Pods-SwiftArquiteturas/Pods-SwiftArquiteturas.release.xcconfig"; sourceTree = "<group>"; };
		35EC820B0B1ED8ABD0A8AA7D /* Pods-SwiftArquiteturas.debug.xcconfig */ = {isa = PBXFileReference; includeInIndex = 1; lastKnownFileType = text.xcconfig; name = "Pods-SwiftArquiteturas.debug.xcconfig"; path = "Target Support Files/Pods-SwiftArquiteturas/Pods-SwiftArquiteturas.debug.xcconfig"; sourceTree = "<group>"; };
		9BC7056D72A4862D3732856B /* Pods_SwiftArquiteturas.framework */ = {isa = PBXFileReference; explicitFileType = wrapper.framework; includeInIndex = 0; path = Pods_SwiftArquiteturas.framework; sourceTree = BUILT_PRODUCTS_DIR; };
		D01C90172DE671E7005D6740 /* SwiftArquiteturasTests.xctest */ = {isa = PBXFileReference; explicitFileType = wrapper.cfbundle; includeInIndex = 0; path = SwiftArquiteturasTests.xctest; sourceTree = BUILT_PRODUCTS_DIR; };
		D05B75962DE546C500E0A7CD /* SwiftArquiteturas.app */ = {isa = PBXFileReference; explicitFileType = wrapper.application; includeInIndex = 0; path = SwiftArquiteturas.app; sourceTree = BUILT_PRODUCTS_DIR; };
/* End PBXFileReference section */

/* Begin PBXFileSystemSynchronizedBuildFileExceptionSet section */
		D01C90252DE675E4005D6740 /* Exceptions for "SwiftArquiteturas" folder in "SwiftArquiteturasTests" target */ = {
			isa = PBXFileSystemSynchronizedBuildFileExceptionSet;
			membershipExceptions = (
				"GoogleService-Info.plist",
			);
			target = D01C90162DE671E7005D6740 /* SwiftArquiteturasTests */;
		};
		D05B75A82DE5471F00E0A7CD /* Exceptions for "SwiftArquiteturas" folder in "SwiftArquiteturas" target */ = {
			isa = PBXFileSystemSynchronizedBuildFileExceptionSet;
			membershipExceptions = (
				Info.plist,
				Source/Home/HomeVC.swift,
				Source/Login/LoginPresenter.swift,
				Source/Login/LoginVC.swift,
				Source/Register/RegisterPresenter.swift,
				Source/Register/RegisterVC.swift,
			);
			target = D05B75952DE546C500E0A7CD /* SwiftArquiteturas */;
		};
/* End PBXFileSystemSynchronizedBuildFileExceptionSet section */

/* Begin PBXFileSystemSynchronizedRootGroup section */
		D01C90182DE671E7005D6740 /* SwiftArquiteturasTests */ = {
			isa = PBXFileSystemSynchronizedRootGroup;
			path = SwiftArquiteturasTests;
			sourceTree = "<group>";
		};
		D05B75982DE546C500E0A7CD /* SwiftArquiteturas */ = {
			isa = PBXFileSystemSynchronizedRootGroup;
			exceptions = (
				D05B75A82DE5471F00E0A7CD /* Exceptions for "SwiftArquiteturas" folder in "SwiftArquiteturas" target */,
				D01C90252DE675E4005D6740 /* Exceptions for "SwiftArquiteturas" folder in "SwiftArquiteturasTests" target */,
			);
			path = SwiftArquiteturas;
			sourceTree = "<group>";
		};
/* End PBXFileSystemSynchronizedRootGroup section */

/* Begin PBXFrameworksBuildPhase section */
		D01C90142DE671E7005D6740 /* Frameworks */ = {
			isa = PBXFrameworksBuildPhase;
			buildActionMask = 2147483647;
			files = (
			);
			runOnlyForDeploymentPostprocessing = 0;
		};
		D05B75932DE546C500E0A7CD /* Frameworks */ = {
			isa = PBXFrameworksBuildPhase;
			buildActionMask = 2147483647;
			files = (
				33A785F876DAF94749B62CDA /* Pods_SwiftArquiteturas.framework in Frameworks */,
			);
			runOnlyForDeploymentPostprocessing = 0;
		};
/* End PBXFrameworksBuildPhase section */

/* Begin PBXGroup section */
		8B990F952C5FA5F70BBCED5E /* Frameworks */ = {
			isa = PBXGroup;
			children = (
				9BC7056D72A4862D3732856B /* Pods_SwiftArquiteturas.framework */,
			);
			name = Frameworks;
			sourceTree = "<group>";
		};
		A376D1AF7A4D99CE69912C01 /* Pods */ = {
			isa = PBXGroup;
			children = (
				35EC820B0B1ED8ABD0A8AA7D /* Pods-SwiftArquiteturas.debug.xcconfig */,
				098773E5A3426A8996799B20 /* Pods-SwiftArquiteturas.release.xcconfig */,
			);
			path = Pods;
			sourceTree = "<group>";
		};
		D05B758D2DE546C500E0A7CD = {
			isa = PBXGroup;
			children = (
				D05B75982DE546C500E0A7CD /* SwiftArquiteturas */,
				D01C90182DE671E7005D6740 /* SwiftArquiteturasTests */,
				D05B75972DE546C500E0A7CD /* Products */,
				A376D1AF7A4D99CE69912C01 /* Pods */,
				8B990F952C5FA5F70BBCED5E /* Frameworks */,
			);
			sourceTree = "<group>";
		};
		D05B75972DE546C500E0A7CD /* Products */ = {
			isa = PBXGroup;
			children = (
				D05B75962DE546C500E0A7CD /* SwiftArquiteturas.app */,
				D01C90172DE671E7005D6740 /* SwiftArquiteturasTests.xctest */,
			);
			name = Products;
			sourceTree = "<group>";
		};
/* End PBXGroup section */

/* Begin PBXNativeTarget section */
		D01C90162DE671E7005D6740 /* SwiftArquiteturasTests */ = {
			isa = PBXNativeTarget;
			buildConfigurationList = D01C901D2DE671E7005D6740 /* Build configuration list for PBXNativeTarget "SwiftArquiteturasTests" */;
			buildPhases = (
				D01C90132DE671E7005D6740 /* Sources */,
				D01C90142DE671E7005D6740 /* Frameworks */,
				D01C90152DE671E7005D6740 /* Resources */,
			);
			buildRules = (
			);
			dependencies = (
				D01C901C2DE671E7005D6740 /* PBXTargetDependency */,
			);
			fileSystemSynchronizedGroups = (
				D01C90182DE671E7005D6740 /* SwiftArquiteturasTests */,
			);
			name = SwiftArquiteturasTests;
			packageProductDependencies = (
			);
			productName = SwiftArquiteturasTests;
			productReference = D01C90172DE671E7005D6740 /* SwiftArquiteturasTests.xctest */;
			productType = "com.apple.product-type.bundle.unit-test";
		};
		D05B75952DE546C500E0A7CD /* SwiftArquiteturas */ = {
			isa = PBXNativeTarget;
			buildConfigurationList = D05B75A92DE5471F00E0A7CD /* Build configuration list for PBXNativeTarget "SwiftArquiteturas" */;
			buildPhases = (
				1BD672904C4D91876D7755EE /* [CP] Check Pods Manifest.lock */,
				D05B75922DE546C500E0A7CD /* Sources */,
				D05B75932DE546C500E0A7CD /* Frameworks */,
				D05B75942DE546C500E0A7CD /* Resources */,
				AB8F9E0B04DA5E6430390604 /* [CP] Embed Pods Frameworks */,
			);
			buildRules = (
			);
			dependencies = (
			);
			fileSystemSynchronizedGroups = (
				D05B75982DE546C500E0A7CD /* SwiftArquiteturas */,
			);
			name = SwiftArquiteturas;
			productName = SwiftArquiteturas;
			productReference = D05B75962DE546C500E0A7CD /* SwiftArquiteturas.app */;
			productType = "com.apple.product-type.application";
		};
/* End PBXNativeTarget section */

/* Begin PBXProject section */
		D05B758E2DE546C500E0A7CD /* Project object */ = {
			isa = PBXProject;
			attributes = {
				BuildIndependentTargetsInParallel = 1;
				LastSwiftUpdateCheck = 1620;
				LastUpgradeCheck = 1620;
				TargetAttributes = {
					D01C90162DE671E7005D6740 = {
						CreatedOnToolsVersion = 16.2;
						TestTargetID = D05B75952DE546C500E0A7CD;
					};
					D05B75952DE546C500E0A7CD = {
						CreatedOnToolsVersion = 16.2;
					};
				};
			};
			buildConfigurationList = D05B75912DE546C500E0A7CD /* Build configuration list for PBXProject "SwiftArquiteturas" */;
			developmentRegion = en;
			hasScannedForEncodings = 0;
			knownRegions = (
				en,
				Base,
			);
			mainGroup = D05B758D2DE546C500E0A7CD;
			minimizedProjectReferenceProxies = 1;
			preferredProjectObjectVersion = 77;
			productRefGroup = D05B75972DE546C500E0A7CD /* Products */;
			projectDirPath = "";
			projectRoot = "";
			targets = (
				D05B75952DE546C500E0A7CD /* SwiftArquiteturas */,
				D01C90162DE671E7005D6740 /* SwiftArquiteturasTests */,
			);
		};
/* End PBXProject section */

/* Begin PBXResourcesBuildPhase section */
		D01C90152DE671E7005D6740 /* Resources */ = {
			isa = PBXResourcesBuildPhase;
			buildActionMask = 2147483647;
			files = (
			);
			runOnlyForDeploymentPostprocessing = 0;
		};
		D05B75942DE546C500E0A7CD /* Resources */ = {
			isa = PBXResourcesBuildPhase;
			buildActionMask = 2147483647;
			files = (
			);
			runOnlyForDeploymentPostprocessing = 0;
		};
/* End PBXResourcesBuildPhase section */

/* Begin PBXShellScriptBuildPhase section */
		1BD672904C4D91876D7755EE /* [CP] Check Pods Manifest.lock */ = {
			isa = PBXShellScriptBuildPhase;
			buildActionMask = 2147483647;
			files = (
			);
			inputFileListPaths = (
			);
			inputPaths = (
				"${PODS_PODFILE_DIR_PATH}/Podfile.lock",
				"${PODS_ROOT}/Manifest.lock",
			);
			name = "[CP] Check Pods Manifest.lock";
			outputFileListPaths = (
			);
			outputPaths = (
				"$(DERIVED_FILE_DIR)/Pods-SwiftArquiteturas-checkManifestLockResult.txt",
			);
			runOnlyForDeploymentPostprocessing = 0;
			shellPath = /bin/sh;
			shellScript = "diff \"${PODS_PODFILE_DIR_PATH}/Podfile.lock\" \"${PODS_ROOT}/Manifest.lock\" > /dev/null\nif [ $? != 0 ] ; then\n    # print error to STDERR\n    echo \"error: The sandbox is not in sync with the Podfile.lock. Run 'pod install' or update your CocoaPods installation.\" >&2\n    exit 1\nfi\n# This output is used by Xcode 'outputs' to avoid re-running this script phase.\necho \"SUCCESS\" > \"${SCRIPT_OUTPUT_FILE_0}\"\n";
			showEnvVarsInLog = 0;
		};
		AB8F9E0B04DA5E6430390604 /* [CP] Embed Pods Frameworks */ = {
			isa = PBXShellScriptBuildPhase;
			buildActionMask = 2147483647;
			files = (
			);
			inputFileListPaths = (
				"${PODS_ROOT}/Target Support Files/Pods-SwiftArquiteturas/Pods-SwiftArquiteturas-frameworks-${CONFIGURATION}-input-files.xcfilelist",
			);
			name = "[CP] Embed Pods Frameworks";
			outputFileListPaths = (
				"${PODS_ROOT}/Target Support Files/Pods-SwiftArquiteturas/Pods-SwiftArquiteturas-frameworks-${CONFIGURATION}-output-files.xcfilelist",
			);
			runOnlyForDeploymentPostprocessing = 0;
			shellPath = /bin/sh;
			shellScript = "\"${PODS_ROOT}/Target Support Files/Pods-SwiftArquiteturas/Pods-SwiftArquiteturas-frameworks.sh\"\n";
			showEnvVarsInLog = 0;
		};
/* End PBXShellScriptBuildPhase section */

/* Begin PBXSourcesBuildPhase section */
		D01C90132DE671E7005D6740 /* Sources */ = {
			isa = PBXSourcesBuildPhase;
			buildActionMask = 2147483647;
			files = (
			);
			runOnlyForDeploymentPostprocessing = 0;
		};
		D05B75922DE546C500E0A7CD /* Sources */ = {
			isa = PBXSourcesBuildPhase;
			buildActionMask = 2147483647;
			files = (
			);
			runOnlyForDeploymentPostprocessing = 0;
		};
/* End PBXSourcesBuildPhase section */

/* Begin PBXTargetDependency section */
		D01C901C2DE671E7005D6740 /* PBXTargetDependency */ = {
			isa = PBXTargetDependency;
			target = D05B75952DE546C500E0A7CD /* SwiftArquiteturas */;
			targetProxy = D01C901B2DE671E7005D6740 /* PBXContainerItemProxy */;
		};
/* End PBXTargetDependency section */

/* Begin XCBuildConfiguration section */
		D01C901E2DE671E7005D6740 /* Debug */ = {
			isa = XCBuildConfiguration;
			buildSettings = {
				BUNDLE_LOADER = "$(TEST_HOST)";
				CODE_SIGN_STYLE = Automatic;
				CURRENT_PROJECT_VERSION = 1;
				DEVELOPMENT_TEAM = 273F76QQVA;
				GENERATE_INFOPLIST_FILE = YES;
				MARKETING_VERSION = 1.0;
				PRODUCT_BUNDLE_IDENTIFIER = backfront.SwiftArquiteturasTests;
				PRODUCT_NAME = "$(TARGET_NAME)";
				SWIFT_EMIT_LOC_STRINGS = NO;
				SWIFT_VERSION = 5.0;
				TARGETED_DEVICE_FAMILY = "1,2";
				TEST_HOST = "$(BUILT_PRODUCTS_DIR)/SwiftArquiteturas.app/$(BUNDLE_EXECUTABLE_FOLDER_PATH)/SwiftArquiteturas";
			};
			name = Debug;
		};
		D01C901F2DE671E7005D6740 /* Release */ = {
			isa = XCBuildConfiguration;
			buildSettings = {
				BUNDLE_LOADER = "$(TEST_HOST)";
				CODE_SIGN_STYLE = Automatic;
				CURRENT_PROJECT_VERSION = 1;
				DEVELOPMENT_TEAM = 273F76QQVA;
				GENERATE_INFOPLIST_FILE = YES;
				MARKETING_VERSION = 1.0;
				PRODUCT_BUNDLE_IDENTIFIER = backfront.SwiftArquiteturasTests;
				PRODUCT_NAME = "$(TARGET_NAME)";
				SWIFT_EMIT_LOC_STRINGS = NO;
				SWIFT_VERSION = 5.0;
				TARGETED_DEVICE_FAMILY = "1,2";
				TEST_HOST = "$(BUILT_PRODUCTS_DIR)/SwiftArquiteturas.app/$(BUNDLE_EXECUTABLE_FOLDER_PATH)/SwiftArquiteturas";
			};
			name = Release;
		};
		D05B75AA2DE5471F00E0A7CD /* Debug */ = {
			isa = XCBuildConfiguration;
			baseConfigurationReference = 35EC820B0B1ED8ABD0A8AA7D /* Pods-SwiftArquiteturas.debug.xcconfig */;
			buildSettings = {
				ASSETCATALOG_COMPILER_APPICON_NAME = AppIcon;
				ASSETCATALOG_COMPILER_GLOBAL_ACCENT_COLOR_NAME = AccentColor;
				CODE_SIGN_STYLE = Automatic;
				CURRENT_PROJECT_VERSION = 1;
				DEVELOPMENT_TEAM = 273F76QQVA;
				ENABLE_USER_SCRIPT_SANDBOXING = NO;
				GENERATE_INFOPLIST_FILE = YES;
				INFOPLIST_FILE = SwiftArquiteturas/Info.plist;
				INFOPLIST_KEY_UIApplicationSupportsIndirectInputEvents = YES;
				INFOPLIST_KEY_UILaunchStoryboardName = LaunchScreen;
				INFOPLIST_KEY_UIMainStoryboardFile = "";
				INFOPLIST_KEY_UISupportedInterfaceOrientations_iPad = "UIInterfaceOrientationPortrait UIInterfaceOrientationPortraitUpsideDown UIInterfaceOrientationLandscapeLeft UIInterfaceOrientationLandscapeRight";
				INFOPLIST_KEY_UISupportedInterfaceOrientations_iPhone = "UIInterfaceOrientationPortrait UIInterfaceOrientationLandscapeLeft UIInterfaceOrientationLandscapeRight";
				LD_RUNPATH_SEARCH_PATHS = (
					"$(inherited)",
					"@executable_path/Frameworks",
				);
				MARKETING_VERSION = 1.0;
				PRODUCT_BUNDLE_IDENTIFIER = backfront.SwiftArquiteturas;
				PRODUCT_NAME = "$(TARGET_NAME)";
				SWIFT_EMIT_LOC_STRINGS = YES;
				SWIFT_VERSION = 5.0;
				TARGETED_DEVICE_FAMILY = "1,2";
			};
			name = Debug;
		};
		D05B75AB2DE5471F00E0A7CD /* Release */ = {
			isa = XCBuildConfiguration;
			baseConfigurationReference = 098773E5A3426A8996799B20 /* Pods-SwiftArquiteturas.release.xcconfig */;
			buildSettings = {
				ASSETCATALOG_COMPILER_APPICON_NAME = AppIcon;
				ASSETCATALOG_COMPILER_GLOBAL_ACCENT_COLOR_NAME = AccentColor;
				CODE_SIGN_STYLE = Automatic;
				CURRENT_PROJECT_VERSION = 1;
				DEVELOPMENT_TEAM = 273F76QQVA;
				ENABLE_USER_SCRIPT_SANDBOXING = NO;
				GENERATE_INFOPLIST_FILE = YES;
				INFOPLIST_FILE = SwiftArquiteturas/Info.plist;
				INFOPLIST_KEY_UIApplicationSupportsIndirectInputEvents = YES;
				INFOPLIST_KEY_UILaunchStoryboardName = LaunchScreen;
				INFOPLIST_KEY_UIMainStoryboardFile = "";
				INFOPLIST_KEY_UISupportedInterfaceOrientations_iPad = "UIInterfaceOrientationPortrait UIInterfaceOrientationPortraitUpsideDown UIInterfaceOrientationLandscapeLeft UIInterfaceOrientationLandscapeRight";
				INFOPLIST_KEY_UISupportedInterfaceOrientations_iPhone = "UIInterfaceOrientationPortrait UIInterfaceOrientationLandscapeLeft UIInterfaceOrientationLandscapeRight";
				LD_RUNPATH_SEARCH_PATHS = (
					"$(inherited)",
					"@executable_path/Frameworks",
				);
				MARKETING_VERSION = 1.0;
				PRODUCT_BUNDLE_IDENTIFIER = backfront.SwiftArquiteturas;
				PRODUCT_NAME = "$(TARGET_NAME)";
				SWIFT_EMIT_LOC_STRINGS = YES;
				SWIFT_VERSION = 5.0;
				TARGETED_DEVICE_FAMILY = "1,2";
			};
			name = Release;
		};
		D05B75AC2DE5471F00E0A7CD /* Debug */ = {
			isa = XCBuildConfiguration;
			buildSettings = {
				ALWAYS_SEARCH_USER_PATHS = NO;
				ASSETCATALOG_COMPILER_GENERATE_SWIFT_ASSET_SYMBOL_EXTENSIONS = YES;
				CLANG_ANALYZER_NONNULL = YES;
				CLANG_ANALYZER_NUMBER_OBJECT_CONVERSION = YES_AGGRESSIVE;
				CLANG_CXX_LANGUAGE_STANDARD = "gnu++20";
				CLANG_ENABLE_MODULES = YES;
				CLANG_ENABLE_OBJC_ARC = YES;
				CLANG_ENABLE_OBJC_WEAK = YES;
				CLANG_WARN_BLOCK_CAPTURE_AUTORELEASING = YES;
				CLANG_WARN_BOOL_CONVERSION = YES;
				CLANG_WARN_COMMA = YES;
				CLANG_WARN_CONSTANT_CONVERSION = YES;
				CLANG_WARN_DEPRECATED_OBJC_IMPLEMENTATIONS = YES;
				CLANG_WARN_DIRECT_OBJC_ISA_USAGE = YES_ERROR;
				CLANG_WARN_DOCUMENTATION_COMMENTS = YES;
				CLANG_WARN_EMPTY_BODY = YES;
				CLANG_WARN_ENUM_CONVERSION = YES;
				CLANG_WARN_INFINITE_RECURSION = YES;
				CLANG_WARN_INT_CONVERSION = YES;
				CLANG_WARN_NON_LITERAL_NULL_CONVERSION = YES;
				CLANG_WARN_OBJC_IMPLICIT_RETAIN_SELF = YES;
				CLANG_WARN_OBJC_LITERAL_CONVERSION = YES;
				CLANG_WARN_OBJC_ROOT_CLASS = YES_ERROR;
				CLANG_WARN_QUOTED_INCLUDE_IN_FRAMEWORK_HEADER = YES;
				CLANG_WARN_RANGE_LOOP_ANALYSIS = YES;
				CLANG_WARN_STRICT_PROTOTYPES = YES;
				CLANG_WARN_SUSPICIOUS_MOVE = YES;
				CLANG_WARN_UNGUARDED_AVAILABILITY = YES_AGGRESSIVE;
				CLANG_WARN_UNREACHABLE_CODE = YES;
				CLANG_WARN__DUPLICATE_METHOD_MATCH = YES;
				COPY_PHASE_STRIP = NO;
				DEBUG_INFORMATION_FORMAT = dwarf;
				ENABLE_STRICT_OBJC_MSGSEND = YES;
				ENABLE_TESTABILITY = YES;
				ENABLE_USER_SCRIPT_SANDBOXING = YES;
				GCC_C_LANGUAGE_STANDARD = gnu17;
				GCC_DYNAMIC_NO_PIC = NO;
				GCC_NO_COMMON_BLOCKS = YES;
				GCC_OPTIMIZATION_LEVEL = 0;
				GCC_PREPROCESSOR_DEFINITIONS = (
					"DEBUG=1",
					"$(inherited)",
				);
				GCC_WARN_64_TO_32_BIT_CONVERSION = YES;
				GCC_WARN_ABOUT_RETURN_TYPE = YES_ERROR;
				GCC_WARN_UNDECLARED_SELECTOR = YES;
				GCC_WARN_UNINITIALIZED_AUTOS = YES_AGGRESSIVE;
				GCC_WARN_UNUSED_FUNCTION = YES;
				GCC_WARN_UNUSED_VARIABLE = YES;
				IPHONEOS_DEPLOYMENT_TARGET = 18.2;
				LOCALIZATION_PREFERS_STRING_CATALOGS = YES;
				MTL_ENABLE_DEBUG_INFO = INCLUDE_SOURCE;
				MTL_FAST_MATH = YES;
				ONLY_ACTIVE_ARCH = YES;
				SDKROOT = iphoneos;
				SWIFT_ACTIVE_COMPILATION_CONDITIONS = "DEBUG $(inherited)";
				SWIFT_OPTIMIZATION_LEVEL = "-Onone";
			};
			name = Debug;
		};
		D05B75AD2DE5471F00E0A7CD /* Release */ = {
			isa = XCBuildConfiguration;
			buildSettings = {
				ALWAYS_SEARCH_USER_PATHS = NO;
				ASSETCATALOG_COMPILER_GENERATE_SWIFT_ASSET_SYMBOL_EXTENSIONS = YES;
				CLANG_ANALYZER_NONNULL = YES;
				CLANG_ANALYZER_NUMBER_OBJECT_CONVERSION = YES_AGGRESSIVE;
				CLANG_CXX_LANGUAGE_STANDARD = "gnu++20";
				CLANG_ENABLE_MODULES = YES;
				CLANG_ENABLE_OBJC_ARC = YES;
				CLANG_ENABLE_OBJC_WEAK = YES;
				CLANG_WARN_BLOCK_CAPTURE_AUTORELEASING = YES;
				CLANG_WARN_BOOL_CONVERSION = YES;
				CLANG_WARN_COMMA = YES;
				CLANG_WARN_CONSTANT_CONVERSION = YES;
				CLANG_WARN_DEPRECATED_OBJC_IMPLEMENTATIONS = YES;
				CLANG_WARN_DIRECT_OBJC_ISA_USAGE = YES_ERROR;
				CLANG_WARN_DOCUMENTATION_COMMENTS = YES;
				CLANG_WARN_EMPTY_BODY = YES;
				CLANG_WARN_ENUM_CONVERSION = YES;
				CLANG_WARN_INFINITE_RECURSION = YES;
				CLANG_WARN_INT_CONVERSION = YES;
				CLANG_WARN_NON_LITERAL_NULL_CONVERSION = YES;
				CLANG_WARN_OBJC_IMPLICIT_RETAIN_SELF = YES;
				CLANG_WARN_OBJC_LITERAL_CONVERSION = YES;
				CLANG_WARN_OBJC_ROOT_CLASS = YES_ERROR;
				CLANG_WARN_QUOTED_INCLUDE_IN_FRAMEWORK_HEADER = YES;
				CLANG_WARN_RANGE_LOOP_ANALYSIS = YES;
				CLANG_WARN_STRICT_PROTOTYPES = YES;
				CLANG_WARN_SUSPICIOUS_MOVE = YES;
				CLANG_WARN_UNGUARDED_AVAILABILITY = YES_AGGRESSIVE;
				CLANG_WARN_UNREACHABLE_CODE = YES;
				CLANG_WARN__DUPLICATE_METHOD_MATCH = YES;
				COPY_PHASE_STRIP = NO;
				DEBUG_INFORMATION_FORMAT = "dwarf-with-dsym";
				ENABLE_NS_ASSERTIONS = NO;
				ENABLE_STRICT_OBJC_MSGSEND = YES;
				ENABLE_USER_SCRIPT_SANDBOXING = YES;
				GCC_C_LANGUAGE_STANDARD = gnu17;
				GCC_NO_COMMON_BLOCKS = YES;
				GCC_WARN_64_TO_32_BIT_CONVERSION = YES;
				GCC_WARN_ABOUT_RETURN_TYPE = YES_ERROR;
				GCC_WARN_UNDECLARED_SELECTOR = YES;
				GCC_WARN_UNINITIALIZED_AUTOS = YES_AGGRESSIVE;
				GCC_WARN_UNUSED_FUNCTION = YES;
				GCC_WARN_UNUSED_VARIABLE = YES;
				IPHONEOS_DEPLOYMENT_TARGET = 18.2;
				LOCALIZATION_PREFERS_STRING_CATALOGS = YES;
				MTL_ENABLE_DEBUG_INFO = NO;
				MTL_FAST_MATH = YES;
				SDKROOT = iphoneos;
				SWIFT_COMPILATION_MODE = wholemodule;
				VALIDATE_PRODUCT = YES;
			};
			name = Release;
		};
/* End XCBuildConfiguration section */

/* Begin XCConfigurationList section */
		D01C901D2DE671E7005D6740 /* Build configuration list for PBXNativeTarget "SwiftArquiteturasTests" */ = {
			isa = XCConfigurationList;
			buildConfigurations = (
				D01C901E2DE671E7005D6740 /* Debug */,
				D01C901F2DE671E7005D6740 /* Release */,
			);
			defaultConfigurationIsVisible = 0;
			defaultConfigurationName = Release;
		};
		D05B75912DE546C500E0A7CD /* Build configuration list for PBXProject "SwiftArquiteturas" */ = {
			isa = XCConfigurationList;
			buildConfigurations = (
				D05B75AC2DE5471F00E0A7CD /* Debug */,
				D05B75AD2DE5471F00E0A7CD /* Release */,
			);
			defaultConfigurationIsVisible = 0;
			defaultConfigurationName = Release;
		};
		D05B75A92DE5471F00E0A7CD /* Build configuration list for PBXNativeTarget "SwiftArquiteturas" */ = {
			isa = XCConfigurationList;
			buildConfigurations = (
				D05B75AA2DE5471F00E0A7CD /* Debug */,
				D05B75AB2DE5471F00E0A7CD /* Release */,
			);
			defaultConfigurationIsVisible = 0;
			defaultConfigurationName = Release;
		};
/* End XCConfigurationList section */
	};
	rootObject = D05B758E2DE546C500E0A7CD /* Project object */;
}
